
Microsoft Visual Studio Solution File, Format Version 12.00
# Visual Studio Version 17
VisualStudioVersion = 17.8.34408.163
MinimumVisualStudioVersion = 10.0.40219.1
Project("{9A19103F-16F7-4668-BE54-9A1E7A4F7556}") = "PvZU_Level_Maker", "PvZU_Level_Maker\PvZU_Level_Maker.csproj", "{E853401D-5047-403C-85A0-D33F7A392303}"
EndProject
Project("{2150E333-8FDC-42A3-9474-1A3956D46DE8}") = "Solution Items", "Solution Items", "{1604D647-2C57-4311-BC4A-BBCC3D217421}"
	ProjectSection(SolutionItems) = preProject
		.editorconfig = .editorconfig
	EndProjectSection
EndProject
Global
	GlobalSection(SolutionConfigurationPlatforms) = preSolution
		Debug|Any CPU = Debug|Any CPU
		Release|Any CPU = Release|Any CPU
	EndGlobalSection
	GlobalSection(ProjectConfigurationPlatforms) = postSolution
		{E853401D-5047-403C-85A0-D33F7A392303}.Debug|Any CPU.ActiveCfg = Debug|Any CPU
		{E853401D-5047-403C-85A0-D33F7A392303}.Debug|Any CPU.Build.0 = Debug|Any CPU
		{E853401D-5047-403C-85A0-D33F7A392303}.Release|Any CPU.ActiveCfg = Release|Any CPU
		{E853401D-5047-403C-85A0-D33F7A392303}.Release|Any CPU.Build.0 = Release|Any CPU
	EndGlobalSection
	GlobalSection(SolutionProperties) = preSolution
		HideSolutionNode = FALSE
	EndGlobalSection
	GlobalSection(ExtensibilityGlobals) = postSolution
		SolutionGuid = {9A423717-665E-4663-9768-102B75BDBBCA}
	EndGlobalSection
EndGlobal
